// !$*UTF8*$!
{
	archiveVersion = 1;
	classes = {
	};
	objectVersion = 56;
	objects = {

BBBBBBBBBBBBBBBBBBBBBBB1 = {isa = PBXShellScriptBuildPhase; buildActionMask = 2147483647; files = (); inputPaths = (); outputPaths = ("$(TARGET_BUILD_DIR)/$(UNLOCALIZED_RESOURCES_FOLDER_PATH)/Server"); alwaysOutOfDate = 1; name = "Bundle current games"; shellPath = /bin/sh; shellScript = "/usr/bin/python3 \"$PROJECT_DIR/../scripts/bundle-ios.py\""; runOnlyForDeploymentPostprocessing = 0; };
/* Begin PBXBuildFile section */
F0F0F0F0F0F0F0F0F0F0F001 = {isa = PBXBuildFile; fileRef = F0F0F0F0F0F0F0F0F0F0F002; };
EEEEEEEEEEEEEEEEEEEEEEE1 = {isa = PBXBuildFile; fileRef = EEEEEEEEEEEEEEEEEEEEEEE2; };
DDDDDDDDDDDDDDDDDDDDDDD1 = {isa = PBXBuildFile; fileRef = DDDDDDDDDDDDDDDDDDDDDDD2; };
CCCCCCCCCCCCCCCCCCCCCCC1 = {isa = PBXBuildFile; fileRef = CCCCCCCCCCCCCCCCCCCCCCC2; };
9059CFD73241BD340596A271 = {isa = PBXBuildFile; fileRef = 0C70042C77E2D2D99751ADCB; settings = {COMPILER_FLAGS = "-O2 -DWASM_RT_USE_MMAP=0 -DWASM_RT_MEMCHECK_BOUNDS_CHECK=1 -DWASM_RT_INSTALL_SIGNAL_HANDLER=0 -DNDEBUG"; }; };
BE228F61486C2DCB7F7443DA = {isa = PBXBuildFile; fileRef = 73F1AC09BA2467F994357C9E; settings = {COMPILER_FLAGS = "-O2 -DWASM_RT_USE_MMAP=0 -DWASM_RT_MEMCHECK_BOUNDS_CHECK=1 -DWASM_RT_INSTALL_SIGNAL_HANDLER=0 -DNDEBUG"; }; };
FE23BEE5725BE4121AC631C8 = {isa = PBXBuildFile; fileRef = 7E0E5259322970FC0805DCC5; settings = {COMPILER_FLAGS = "-O2 -DWASM_RT_USE_MMAP=0 -DWASM_RT_MEMCHECK_BOUNDS_CHECK=1 -DWASM_RT_INSTALL_SIGNAL_HANDLER=0 -DNDEBUG"; }; };
678BC668D4188F9C4AAAE77E = {isa = PBXBuildFile; fileRef = 4686177316D54E59823B69E4; settings = {COMPILER_FLAGS = "-O2 -DWASM_RT_USE_MMAP=0 -DWASM_RT_MEMCHECK_BOUNDS_CHECK=1 -DWASM_RT_INSTALL_SIGNAL_HANDLER=0 -DNDEBUG"; }; };
6CB19E5EF0B2A6407673BCFC = {isa = PBXBuildFile; fileRef = 43F3C3DAF5B3163D8E76C365; settings = {COMPILER_FLAGS = "-O2 -DWASM_RT_USE_MMAP=0 -DWASM_RT_MEMCHECK_BOUNDS_CHECK=1 -DWASM_RT_INSTALL_SIGNAL_HANDLER=0 -DNDEBUG"; }; };
AAAAAAAAAAAAAAAAAAAAAAA1 = {isa = PBXBuildFile; fileRef = AAAAAAAAAAAAAAAAAAAAAAA3; };
AAAAAAAAAAAAAAAAAAAAAAA2 = {isa = PBXBuildFile; fileRef = AAAAAAAAAAAAAAAAAAAAAAA3; settings = {ATTRIBUTES = (CodeSignOnCopy, RemoveHeadersOnCopy); }; };
		2C981EEA9705749D162F601F /* NodeBridge.m in Sources */ = {isa = PBXBuildFile; fileRef = D9D8A3A3D62B2EDD5DA858D4 /* NodeBridge.m */; };
		5E18F48D4734258A5FFFF6A5 /* LocalPartyApp.swift in Sources */ = {isa = PBXBuildFile; fileRef = D1A19ED3933ABCA42B1EAC69 /* LocalPartyApp.swift */; };
		719CD58F255347A33105A7CB /* ServerModel.swift in Sources */ = {isa = PBXBuildFile; fileRef = 526A8398904667FF15427A09 /* ServerModel.swift */; };
/* End PBXBuildFile section */

/* Begin PBXFileReference section */
F0F0F0F0F0F0F0F0F0F0F002 = {isa = PBXFileReference; lastKnownFileType = sourcecode.swift; path = ExternalDisplay.swift; sourceTree = "<group>"; };
EEEEEEEEEEEEEEEEEEEEEEE2 = {isa = PBXFileReference; lastKnownFileType = sourcecode.swift; path = BackgroundTaskCompletion.swift; sourceTree = "<group>"; };
DDDDDDDDDDDDDDDDDDDDDDD2 = {isa = PBXFileReference; lastKnownFileType = sourcecode.cpp.cpp; path = "NativePhysics/RuntimeBridge.cc"; sourceTree = SOURCE_ROOT; };
CCCCCCCCCCCCCCCCCCCCCCC2 = {isa = PBXFileReference; lastKnownFileType = folder.assetcatalog; path = Assets.xcassets; sourceTree = "<group>"; };
0C70042C77E2D2D99751ADCB = {isa = PBXFileReference; lastKnownFileType = sourcecode.cpp.cpp; path = "NativePhysics/PhysicsBridge.cc"; sourceTree = SOURCE_ROOT; };
73F1AC09BA2467F994357C9E = {isa = PBXFileReference; lastKnownFileType = sourcecode.c.c; path = "NativePhysics/rapier2d.c"; sourceTree = SOURCE_ROOT; };
7E0E5259322970FC0805DCC5 = {isa = PBXFileReference; lastKnownFileType = sourcecode.c.c; path = "NativePhysics/rapier3d.c"; sourceTree = SOURCE_ROOT; };
4686177316D54E59823B69E4 = {isa = PBXFileReference; lastKnownFileType = sourcecode.c.c; path = "NativePhysics/wasm-rt-impl.c"; sourceTree = SOURCE_ROOT; };
43F3C3DAF5B3163D8E76C365 = {isa = PBXFileReference; lastKnownFileType = sourcecode.c.c; path = "NativePhysics/wasm-rt-mem-impl.c"; sourceTree = SOURCE_ROOT; };
AAAAAAAAAAAAAAAAAAAAAAA3 = {isa = PBXFileReference; lastKnownFileType = wrapper.xcframework; path = Vendor/NodeMobile.xcframework; sourceTree = SOURCE_ROOT; };
		0112DAE3F84CB4DF5179BE01 /* Info.plist */ = {isa = PBXFileReference; lastKnownFileType = text.plist.xml; path = Info.plist; sourceTree = "<group>"; };
		38A007151ABE87CC01A5B6E9 /* LocalParty.app */ = {isa = PBXFileReference; explicitFileType = wrapper.application; path = LocalParty.app; sourceTree = BUILT_PRODUCTS_DIR; };
		526A8398904667FF15427A09 /* ServerModel.swift */ = {isa = PBXFileReference; lastKnownFileType = sourcecode.swift; path = ServerModel.swift; sourceTree = "<group>"; };
		CA84D1343B96BAA8137C943E /* Server */ = {isa = PBXFileReference; lastKnownFileType = folder; path = Server; sourceTree = "<group>"; };
		D1A19ED3933ABCA42B1EAC69 /* LocalPartyApp.swift */ = {isa = PBXFileReference; lastKnownFileType = sourcecode.swift; path = LocalPartyApp.swift; sourceTree = "<group>"; };
		D9D8A3A3D62B2EDD5DA858D4 /* NodeBridge.m */ = {isa = PBXFileReference; lastKnownFileType = sourcecode.c.objc; path = NodeBridge.m; sourceTree = "<group>"; };
/* End PBXFileReference section */

AAAAAAAAAAAAAAAAAAAAAAA4 = {isa = PBXCopyFilesBuildPhase; buildActionMask = 2147483647; dstPath = ""; dstSubfolderSpec = 10; files = (AAAAAAAAAAAAAAAAAAAAAAA2); name = "Embed Frameworks"; runOnlyForDeploymentPostprocessing = 0; };
/* Begin PBXFrameworksBuildPhase section */
		7561BFB015D8F536760CB671 /* Frameworks */ = {
			isa = PBXFrameworksBuildPhase;
			buildActionMask = 2147483647;
			files = (AAAAAAAAAAAAAAAAAAAAAAA1);
			runOnlyForDeploymentPostprocessing = 0;
		};
/* End PBXFrameworksBuildPhase section */

/* Begin PBXGroup section */
BBBBBBBBBBBBBBBBBBBBBBB2 = {isa = PBXGroup; children = (DDDDDDDDDDDDDDDDDDDDDDD2,0C70042C77E2D2D99751ADCB,73F1AC09BA2467F994357C9E,7E0E5259322970FC0805DCC5,4686177316D54E59823B69E4,43F3C3DAF5B3163D8E76C365); name = "Native physics"; sourceTree = "<group>"; };
		482182478A3ECD4745BEA917 /* LocalParty */ = {
			isa = PBXGroup;
			children = (
BBBBBBBBBBBBBBBBBBBBBBB2,
CCCCCCCCCCCCCCCCCCCCCCC2,
				D9D8A3A3D62B2EDD5DA858D4 /* NodeBridge.m */,
				526A8398904667FF15427A09 /* ServerModel.swift */,
                EEEEEEEEEEEEEEEEEEEEEEE2,
                F0F0F0F0F0F0F0F0F0F0F002,
				D1A19ED3933ABCA42B1EAC69 /* LocalPartyApp.swift */,
				CA84D1343B96BAA8137C943E /* Server */,
				0112DAE3F84CB4DF5179BE01 /* Info.plist */,
			);
			path = LocalParty;
			sourceTree = "<group>";
		};
		B28B7AF69320201D1CF206EB = {
			isa = PBXGroup;
			children = (
				482182478A3ECD4745BEA917 /* LocalParty */,
				FBDC4F23F93125BBEEAE800C /* Products */,
			);
			sourceTree = "<group>";
		};
		FBDC4F23F93125BBEEAE800C /* Products */ = {
			isa = PBXGroup;
			children = (
				38A007151ABE87CC01A5B6E9 /* LocalParty.app */,
			);
			name = Products;
			sourceTree = "<group>";
		};
/* End PBXGroup section */

/* Begin PBXNativeTarget section */
		0E8A3AD980EC179856012B7E /* LocalParty */ = {
			isa = PBXNativeTarget;
			buildConfigurationList = C57128001CE614BF8549D6BB /* Build configuration list for PBXNativeTarget "LocalParty" */;
			buildPhases = (BBBBBBBBBBBBBBBBBBBBBBB1,AAAAAAAAAAAAAAAAAAAAAAA4,
				BCE16DD0260827ECF338C787 /* Sources */,
				7561BFB015D8F536760CB671 /* Frameworks */,
				0189424A5A60FED329FA868E /* Resources */,
			);
			buildRules = (
			);
			dependencies = (
			);
			name = LocalParty;
			productName = LocalParty;
			productReference = 38A007151ABE87CC01A5B6E9 /* LocalParty.app */;
			productType = "com.apple.product-type.application";
		};
/* End PBXNativeTarget section */

/* Begin PBXProject section */
		98F54143AB4E86B28C3AFEE0 /* Project object */ = {
			isa = PBXProject;
			attributes = {
				BuildIndependentTargetsInParallel = YES;
				LastUpgradeCheck = 2600;
				TargetAttributes = {
					0E8A3AD980EC179856012B7E = {
						CreatedOnToolsVersion = 26.0;
					};
				};
			};
			buildConfigurationList = 862894B703A6DEDF96A9DD6C /* Build configuration list for PBXProject "LocalParty" */;
			compatibilityVersion = "Xcode 14.0";
			developmentRegion = ru;
			hasScannedForEncodings = 0;
			knownRegions = (
				ru,
				en,
				Base,
			);
			mainGroup = B28B7AF69320201D1CF206EB;
			productRefGroup = FBDC4F23F93125BBEEAE800C /* Products */;
			projectDirPath = "";
			projectRoot = "";
			targets = (
				0E8A3AD980EC179856012B7E /* LocalParty */,
			);
		};
/* End PBXProject section */

/* Begin PBXResourcesBuildPhase section */
		0189424A5A60FED329FA868E /* Resources */ = {
			isa = PBXResourcesBuildPhase;
			buildActionMask = 2147483647;
			files = (

CCCCCCCCCCCCCCCCCCCCCCC1,
			);
			runOnlyForDeploymentPostprocessing = 0;
		};
/* End PBXResourcesBuildPhase section */

/* Begin PBXSourcesBuildPhase section */
		BCE16DD0260827ECF338C787 /* Sources */ = {
			isa = PBXSourcesBuildPhase;
			buildActionMask = 2147483647;
			files = (DDDDDDDDDDDDDDDDDDDDDDD1,9059CFD73241BD340596A271,BE228F61486C2DCB7F7443DA,FE23BEE5725BE4121AC631C8,678BC668D4188F9C4AAAE77E,6CB19E5EF0B2A6407673BCFC,
				2C981EEA9705749D162F601F /* NodeBridge.m in Sources */,
				719CD58F255347A33105A7CB /* ServerModel.swift in Sources */,
                EEEEEEEEEEEEEEEEEEEEEEE1,
                F0F0F0F0F0F0F0F0F0F0F001,
				5E18F48D4734258A5FFFF6A5 /* LocalPartyApp.swift in Sources */,
			);
			runOnlyForDeploymentPostprocessing = 0;
		};
/* End PBXSourcesBuildPhase section */

/* Begin XCBuildConfiguration section */
		639A7CA24D39909E713B47F7 /* Release */ = {
			isa = XCBuildConfiguration;
			buildSettings = {
				CODE_SIGN_STYLE = Automatic;
				CURRENT_PROJECT_VERSION = 11;
                ASSETCATALOG_COMPILER_APPICON_NAME = AppIcon;
				DEVELOPMENT_TEAM = KKM3M9K749;
				GENERATE_INFOPLIST_FILE = NO;
				INFOPLIST_FILE = LocalParty/Info.plist;
				MARKETING_VERSION = 0.10.0;
				PRODUCT_BUNDLE_IDENTIFIER = com.localparty.launcher;
				PRODUCT_NAME = "$(TARGET_NAME)";
				SUPPORTED_PLATFORMS = "iphoneos iphonesimulator";
				SUPPORTS_MACCATALYST = NO;
				SWIFT_EMIT_LOC_STRINGS = YES;
				TARGETED_DEVICE_FAMILY = 1;
			};
			name = Release;
		};
		7082CC0B6FC1282FCEABD07A /* Debug */ = {
			isa = XCBuildConfiguration;
			buildSettings = {
				CODE_SIGN_STYLE = Automatic;
				CURRENT_PROJECT_VERSION = 11;
                ASSETCATALOG_COMPILER_APPICON_NAME = AppIcon;
				DEVELOPMENT_TEAM = KKM3M9K749;
				GENERATE_INFOPLIST_FILE = NO;
				INFOPLIST_FILE = LocalParty/Info.plist;
				MARKETING_VERSION = 0.10.0;
				PRODUCT_BUNDLE_IDENTIFIER = com.localparty.launcher;
				PRODUCT_NAME = "$(TARGET_NAME)";
				SUPPORTED_PLATFORMS = "iphoneos iphonesimulator";
				SUPPORTS_MACCATALYST = NO;
				SWIFT_EMIT_LOC_STRINGS = YES;
				TARGETED_DEVICE_FAMILY = 1;
			};
			name = Debug;
		};
		89E1FD6268CC0F221A2BE178 /* Debug */ = {
			isa = XCBuildConfiguration;
			buildSettings = {
				CLANG_ENABLE_MODULES = YES;
				DEBUG_INFORMATION_FORMAT = dwarf;
				IPHONEOS_DEPLOYMENT_TARGET = 17.0;
				SDKROOT = iphoneos;
				SWIFT_OPTIMIZATION_LEVEL = "-Onone";
				SWIFT_VERSION = 5.0; HEADER_SEARCH_PATHS = "$(PROJECT_DIR)/Vendor/include $(PROJECT_DIR)/NativePhysics"; CLANG_CXX_LANGUAGE_STANDARD = "c++17";
 SWIFT_OBJC_BRIDGING_HEADER = "LocalParty/NodeBridge.h";
 LD_RUNPATH_SEARCH_PATHS = "$(inherited) @executable_path/Frameworks";
 ENABLE_USER_SCRIPT_SANDBOXING = NO;
			};
			name = Debug;
		};
		E6DE6C99132752C914FEF632 /* Release */ = {
			isa = XCBuildConfiguration;
			buildSettings = {
				CLANG_ENABLE_MODULES = YES;
				DEBUG_INFORMATION_FORMAT = "dwarf-with-dsym";
				IPHONEOS_DEPLOYMENT_TARGET = 17.0;
				SDKROOT = iphoneos;
				SWIFT_COMPILATION_MODE = wholemodule;
				SWIFT_OPTIMIZATION_LEVEL = "-O";
				SWIFT_VERSION = 5.0; HEADER_SEARCH_PATHS = "$(PROJECT_DIR)/Vendor/include $(PROJECT_DIR)/NativePhysics"; CLANG_CXX_LANGUAGE_STANDARD = "c++17";
 SWIFT_OBJC_BRIDGING_HEADER = "LocalParty/NodeBridge.h";
 LD_RUNPATH_SEARCH_PATHS = "$(inherited) @executable_path/Frameworks";
 ENABLE_USER_SCRIPT_SANDBOXING = NO;
			};
			name = Release;
		};
/* End XCBuildConfiguration section */

/* Begin XCConfigurationList section */
		862894B703A6DEDF96A9DD6C /* Build configuration list for PBXProject "LocalParty" */ = {
			isa = XCConfigurationList;
			buildConfigurations = (
				89E1FD6268CC0F221A2BE178 /* Debug */,
				E6DE6C99132752C914FEF632 /* Release */,
			);
			defaultConfigurationIsVisible = 0;
			defaultConfigurationName = Release;
		};
		C57128001CE614BF8549D6BB /* Build configuration list for PBXNativeTarget "LocalParty" */ = {
			isa = XCConfigurationList;
			buildConfigurations = (
				7082CC0B6FC1282FCEABD07A /* Debug */,
				639A7CA24D39909E713B47F7 /* Release */,
			);
			defaultConfigurationIsVisible = 0;
			defaultConfigurationName = Release;
		};
/* End XCConfigurationList section */
	};
	rootObject = 98F54143AB4E86B28C3AFEE0 /* Project object */;
}
